
Microsoft Visual Studio Solution File, Format Version 12.00
# Visual Studio Version 16
VisualStudioVersion = 16.0.30011.22
MinimumVisualStudioVersion = 10.0.40219.1
Project("{9A19103F-16F7-4668-BE54-9A1E7A4F7556}") = "NotRegistered", "NotRegistered\NotRegistered.csproj", "{EC634334-4B5A-42E6-A3C7-4114F985B3D2}"
EndProject
Project("{9A19103F-16F7-4668-BE54-9A1E7A4F7556}") = "RegistrationSource", "RegistrationSource\RegistrationSource.csproj", "{51CF7D38-C56E-418E-B878-97F030B1AA03}"
EndProject
Project("{9A19103F-16F7-4668-BE54-9A1E7A4F7556}") = "Adapters", "Adapters\Adapters.csproj", "{A30149C5-A4DB-4E2D-8777-AF57739C53EA}"
EndProject
Project("{9A19103F-16F7-4668-BE54-9A1E7A4F7556}") = "Decorators", "Decorators\Decorators.csproj", "{2203D033-43B8-4A9E-9577-E3405A16A767}"
EndProject
Project("{9A19103F-16F7-4668-BE54-9A1E7A4F7556}") = "CircularDependencies", "CircularDependencies\CircularDependencies.csproj", "{95C7BA9E-DF9B-4742-A6C0-1E3FC53915C5}"
EndProject
Project("{FAE04EC0-301F-11D3-BF4B-00C04F79EFBC}") = "AttributeMetadata", "AttributeMetadata\AttributeMetadata.csproj", "{04622600-F8E1-4E91-8125-E1FC01F156C4}"
EndProject
Project("{FAE04EC0-301F-11D3-BF4B-00C04F79EFBC}") = "AggregateServices", "AggregateServices\AggregateServices.csproj", "{A725B5FE-EF80-41A8-AE97-FDCD72C828CF}"
EndProject
Global
	GlobalSection(SolutionConfigurationPlatforms) = preSolution
		Debug|Any CPU = Debug|Any CPU
		Release|Any CPU = Release|Any CPU
	EndGlobalSection
	GlobalSection(ProjectConfigurationPlatforms) = postSolution
		{EC634334-4B5A-42E6-A3C7-4114F985B3D2}.Debug|Any CPU.ActiveCfg = Debug|Any CPU
		{EC634334-4B5A-42E6-A3C7-4114F985B3D2}.Debug|Any CPU.Build.0 = Debug|Any CPU
		{EC634334-4B5A-42E6-A3C7-4114F985B3D2}.Release|Any CPU.ActiveCfg = Release|Any CPU
		{EC634334-4B5A-42E6-A3C7-4114F985B3D2}.Release|Any CPU.Build.0 = Release|Any CPU
		{51CF7D38-C56E-418E-B878-97F030B1AA03}.Debug|Any CPU.ActiveCfg = Debug|Any CPU
		{51CF7D38-C56E-418E-B878-97F030B1AA03}.Debug|Any CPU.Build.0 = Debug|Any CPU
		{51CF7D38-C56E-418E-B878-97F030B1AA03}.Release|Any CPU.ActiveCfg = Release|Any CPU
		{51CF7D38-C56E-418E-B878-97F030B1AA03}.Release|Any CPU.Build.0 = Release|Any CPU
		{A30149C5-A4DB-4E2D-8777-AF57739C53EA}.Debug|Any CPU.ActiveCfg = Debug|Any CPU
		{A30149C5-A4DB-4E2D-8777-AF57739C53EA}.Debug|Any CPU.Build.0 = Debug|Any CPU
		{A30149C5-A4DB-4E2D-8777-AF57739C53EA}.Release|Any CPU.ActiveCfg = Release|Any CPU
		{A30149C5-A4DB-4E2D-8777-AF57739C53EA}.Release|Any CPU.Build.0 = Release|Any CPU
		{2203D033-43B8-4A9E-9577-E3405A16A767}.Debug|Any CPU.ActiveCfg = Debug|Any CPU
		{2203D033-43B8-4A9E-9577-E3405A16A767}.Debug|Any CPU.Build.0 = Debug|Any CPU
		{2203D033-43B8-4A9E-9577-E3405A16A767}.Release|Any CPU.ActiveCfg = Release|Any CPU
		{2203D033-43B8-4A9E-9577-E3405A16A767}.Release|Any CPU.Build.0 = Release|Any CPU
		{95C7BA9E-DF9B-4742-A6C0-1E3FC53915C5}.Debug|Any CPU.ActiveCfg = Debug|Any CPU
		{95C7BA9E-DF9B-4742-A6C0-1E3FC53915C5}.Debug|Any CPU.Build.0 = Debug|Any CPU
		{95C7BA9E-DF9B-4742-A6C0-1E3FC53915C5}.Release|Any CPU.ActiveCfg = Release|Any CPU
		{95C7BA9E-DF9B-4742-A6C0-1E3FC53915C5}.Release|Any CPU.Build.0 = Release|Any CPU
		{04622600-F8E1-4E91-8125-E1FC01F156C4}.Debug|Any CPU.ActiveCfg = Debug|Any CPU
		{04622600-F8E1-4E91-8125-E1FC01F156C4}.Debug|Any CPU.Build.0 = Debug|Any CPU
		{04622600-F8E1-4E91-8125-E1FC01F156C4}.Release|Any CPU.ActiveCfg = Release|Any CPU
		{04622600-F8E1-4E91-8125-E1FC01F156C4}.Release|Any CPU.Build.0 = Release|Any CPU
		{A725B5FE-EF80-41A8-AE97-FDCD72C828CF}.Debug|Any CPU.ActiveCfg = Debug|Any CPU
		{A725B5FE-EF80-41A8-AE97-FDCD72C828CF}.Debug|Any CPU.Build.0 = Debug|Any CPU
		{A725B5FE-EF80-41A8-AE97-FDCD72C828CF}.Release|Any CPU.ActiveCfg = Release|Any CPU
		{A725B5FE-EF80-41A8-AE97-FDCD72C828CF}.Release|Any CPU.Build.0 = Release|Any CPU
	EndGlobalSection
	GlobalSection(SolutionProperties) = preSolution
		HideSolutionNode = FALSE
	EndGlobalSection
	GlobalSection(ExtensibilityGlobals) = postSolution
		SolutionGuid = {3D1D96A8-B62E-4CA5-8525-224C0E5CDA71}
	EndGlobalSection
EndGlobal
